// !$*UTF8*$!
{
	archiveVersion = 1;
	classes = {
	};
	objectVersion = 46;
	objects = {

/* Begin PBXBuildFile section */
		3BF4049619EFDF820039C948 /* sortings.cpp in Sources */ = {isa = PBXBuildFile; fileRef = 3BF4049419EFDF820039C948 /* sortings.cpp */; };
		3BF4049819EFDFB90039C948 /* main.cpp in Sources */ = {isa = PBXBuildFile; fileRef = 3BF4049719EFDFB90039C948 /* main.cpp */; };
/* End PBXBuildFile section */

/* Begin PBXCopyFilesBuildPhase section */
		3BF4047E19EFDEC70039C948 /* CopyFiles */ = {
			isa = PBXCopyFilesBuildPhase;
			buildActionMask = 2147483647;
			dstPath = /usr/share/man/man1/;
			dstSubfolderSpec = 0;
			files = (
			);
			runOnlyForDeploymentPostprocessing = 1;
		};
/* End PBXCopyFilesBuildPhase section */

/* Begin PBXFileReference section */
		3BF4048019EFDEC70039C948 /* Project5 */ = {isa = PBXFileReference; explicitFileType = "compiled.mach-o.executable"; includeInIndex = 0; path = Project5; sourceTree = BUILT_PRODUCTS_DIR; };
		3BF4049419EFDF820039C948 /* sortings.cpp */ = {isa = PBXFileReference; fileEncoding = 4; lastKnownFileType = sourcecode.cpp.cpp; path = sortings.cpp; sourceTree = SOURCE_ROOT; };
		3BF4049519EFDF820039C948 /* sortings.h */ = {isa = PBXFileReference; fileEncoding = 4; lastKnownFileType = sourcecode.c.h; path = sortings.h; sourceTree = SOURCE_ROOT; };
		3BF4049719EFDFB90039C948 /* main.cpp */ = {isa = PBXFileReference; fileEncoding = 4; lastKnownFileType = sourcecode.cpp.cpp; path = main.cpp; sourceTree = SOURCE_ROOT; };
		3BF4049919EFE0710039C948 /* test_proekt_5.txt */ = {isa = PBXFileReference; fileEncoding = 4; lastKnownFileType = text; path = test_proekt_5.txt; sourceTree = SOURCE_ROOT; };
/* End PBXFileReference section */

/* Begin PBXFrameworksBuildPhase section */
		3BF4047D19EFDEC70039C948 /* Frameworks */ = {
			isa = PBXFrameworksBuildPhase;
			buildActionMask = 2147483647;
			files = (
			);
			runOnlyForDeploymentPostprocessing = 0;
		};
/* End PBXFrameworksBuildPhase section */

/* Begin PBXGroup section */
		3BF4047719EFDEC70039C948 = {
			isa = PBXGroup;
			children = (
				3BF4048219EFDEC70039C948 /* Project5 */,
				3BF4048119EFDEC70039C948 /* Products */,
			);
			sourceTree = "<group>";
		};
		3BF4048119EFDEC70039C948 /* Products */ = {
			isa = PBXGroup;
			children = (
				3BF4048019EFDEC70039C948 /* Project5 */,
			);
			name = Products;
			sourceTree = "<group>";
		};
		3BF4048219EFDEC70039C948 /* Project5 */ = {
			isa = PBXGroup;
			children = (
				3BF4049419EFDF820039C948 /* sortings.cpp */,
				3BF4049519EFDF820039C948 /* sortings.h */,
				3BF4049719EFDFB90039C948 /* main.cpp */,
				3BF4049919EFE0710039C948 /* test_proekt_5.txt */,
			);
			path = Project5;
			sourceTree = "<group>";
		};
/* End PBXGroup section */

/* Begin PBXNativeTarget section */
		3BF4047F19EFDEC70039C948 /* Project5 */ = {
			isa = PBXNativeTarget;
			buildConfigurationList = 3BF4048719EFDEC70039C948 /* Build configuration list for PBXNativeTarget "Project5" */;
			buildPhases = (
				3BF4047C19EFDEC70039C948 /* Sources */,
				3BF4047D19EFDEC70039C948 /* Frameworks */,
				3BF4047E19EFDEC70039C948 /* CopyFiles */,
			);
			buildRules = (
			);
			dependencies = (
			);
			name = Project5;
			productName = Project5;
			productReference = 3BF4048019EFDEC70039C948 /* Project5 */;
			productType = "com.apple.product-type.tool";
		};
/* End PBXNativeTarget section */

/* Begin PBXProject section */
		3BF4047819EFDEC70039C948 /* Project object */ = {
			isa = PBXProject;
			attributes = {
				LastUpgradeCheck = 0600;
				ORGANIZATIONNAME = "Danya Kim";
				TargetAttributes = {
					3BF4047F19EFDEC70039C948 = {
						CreatedOnToolsVersion = 6.0.1;
					};
				};
			};
			buildConfigurationList = 3BF4047B19EFDEC70039C948 /* Build configuration list for PBXProject "Project5" */;
			compatibilityVersion = "Xcode 3.2";
			developmentRegion = English;
			hasScannedForEncodings = 0;
			knownRegions = (
				en,
			);
			mainGroup = 3BF4047719EFDEC70039C948;
			productRefGroup = 3BF4048119EFDEC70039C948 /* Products */;
			projectDirPath = "";
			projectRoot = "";
			targets = (
				3BF4047F19EFDEC70039C948 /* Project5 */,
			);
		};
/* End PBXProject section */

/* Begin PBXSourcesBuildPhase section */
		3BF4047C19EFDEC70039C948 /* Sources */ = {
			isa = PBXSourcesBuildPhase;
			buildActionMask = 2147483647;
			files = (
				3BF4049819EFDFB90039C948 /* main.cpp in Sources */,
				3BF4049619EFDF820039C948 /* sortings.cpp in Sources */,
			);
			runOnlyForDeploymentPostprocessing = 0;
		};
/* End PBXSourcesBuildPhase section */

/* Begin XCBuildConfiguration section */
		3BF4048519EFDEC70039C948 /* Debug */ = {
			isa = XCBuildConfiguration;
			buildSettings = {
				ALWAYS_SEARCH_USER_PATHS = NO;
				CLANG_CXX_LANGUAGE_STANDARD = "gnu++0x";
				CLANG_CXX_LIBRARY = "libc++";
				CLANG_ENABLE_MODULES = YES;
				CLANG_ENABLE_OBJC_ARC = YES;
				CLANG_WARN_BOOL_CONVERSION = YES;
				CLANG_WARN_CONSTANT_CONVERSION = YES;
				CLANG_WARN_DIRECT_OBJC_ISA_USAGE = YES_ERROR;
				CLANG_WARN_EMPTY_BODY = YES;
				CLANG_WARN_ENUM_CONVERSION = YES;
				CLANG_WARN_INT_CONVERSION = YES;
				CLANG_WARN_OBJC_ROOT_CLASS = YES_ERROR;
				CLANG_WARN_UNREACHABLE_CODE = YES;
				CLANG_WARN__DUPLICATE_METHOD_MATCH = YES;
				COPY_PHASE_STRIP = NO;
				ENABLE_STRICT_OBJC_MSGSEND = YES;
				GCC_C_LANGUAGE_STANDARD = gnu99;
				GCC_DYNAMIC_NO_PIC = NO;
				GCC_OPTIMIZATION_LEVEL = 0;
				GCC_PREPROCESSOR_DEFINITIONS = (
					"DEBUG=1",
					"$(inherited)",
				);
				GCC_SYMBOLS_PRIVATE_EXTERN = NO;
				GCC_WARN_64_TO_32_BIT_CONVERSION = YES;
				GCC_WARN_ABOUT_RETURN_TYPE = YES_ERROR;
				GCC_WARN_UNDECLARED_SELECTOR = YES;
				GCC_WARN_UNINITIALIZED_AUTOS = YES_AGGRESSIVE;
				GCC_WARN_UNUSED_FUNCTION = YES;
				GCC_WARN_UNUSED_VARIABLE = YES;
				MACOSX_DEPLOYMENT_TARGET = 10.10;
				MTL_ENABLE_DEBUG_INFO = YES;
				ONLY_ACTIVE_ARCH = YES;
				SDKROOT = macosx;
			};
			name = Debug;
		};
		3BF4048619EFDEC70039C948 /* Release */ = {
			isa = XCBuildConfiguration;
			buildSettings = {
				ALWAYS_SEARCH_USER_PATHS = NO;
				CLANG_CXX_LANGUAGE_STANDARD = "gnu++0x";
				CLANG_CXX_LIBRARY = "libc++";
				CLANG_ENABLE_MODULES = YES;
				CLANG_ENABLE_OBJC_ARC = YES;
				CLANG_WARN_BOOL_CONVERSION = YES;
				CLANG_WARN_CONSTANT_CONVERSION = YES;
				CLANG_WARN_DIRECT_OBJC_ISA_USAGE = YES_ERROR;
				CLANG_WARN_EMPTY_BODY = YES;
				CLANG_WARN_ENUM_CONVERSION = YES;
				CLANG_WARN_INT_CONVERSION = YES;
				CLANG_WARN_OBJC_ROOT_CLASS = YES_ERROR;
				CLANG_WARN_UNREACHABLE_CODE = YES;
				CLANG_WARN__DUPLICATE_METHOD_MATCH = YES;
				COPY_PHASE_STRIP = YES;
				DEBUG_INFORMATION_FORMAT = "dwarf-with-dsym";
				ENABLE_NS_ASSERTIONS = NO;
				ENABLE_STRICT_OBJC_MSGSEND = YES;
				GCC_C_LANGUAGE_STANDARD = gnu99;
				GCC_WARN_64_TO_32_BIT_CONVERSION = YES;
				GCC_WARN_ABOUT_RETURN_TYPE = YES_ERROR;
				GCC_WARN_UNDECLARED_SELECTOR = YES;
				GCC_WARN_UNINITIALIZED_AUTOS = YES_AGGRESSIVE;
				GCC_WARN_UNUSED_FUNCTION = YES;
				GCC_WARN_UNUSED_VARIABLE = YES;
				MACOSX_DEPLOYMENT_TARGET = 10.10;
				MTL_ENABLE_DEBUG_INFO = NO;
				SDKROOT = macosx;
			};
			name = Release;
		};
		3BF4048819EFDEC70039C948 /* Debug */ = {
			isa = XCBuildConfiguration;
			buildSettings = {
				PRODUCT_NAME = "$(TARGET_NAME)";
			};
			name = Debug;
		};
		3BF4048919EFDEC70039C948 /* Release */ = {
			isa = XCBuildConfiguration;
			buildSettings = {
				PRODUCT_NAME = "$(TARGET_NAME)";
			};
			name = Release;
		};
/* End XCBuildConfiguration section */

/* Begin XCConfigurationList section */
		3BF4047B19EFDEC70039C948 /* Build configuration list for PBXProject "Project5" */ = {
			isa = XCConfigurationList;
			buildConfigurations = (
				3BF4048519EFDEC70039C948 /* Debug */,
				3BF4048619EFDEC70039C948 /* Release */,
			);
			defaultConfigurationIsVisible = 0;
			defaultConfigurationName = Release;
		};
		3BF4048719EFDEC70039C948 /* Build configuration list for PBXNativeTarget "Project5" */ = {
			isa = XCConfigurationList;
			buildConfigurations = (
				3BF4048819EFDEC70039C948 /* Debug */,
				3BF4048919EFDEC70039C948 /* Release */,
			);
			defaultConfigurationIsVisible = 0;
			defaultConfigurationName = Release;
		};
/* End XCConfigurationList section */
	};
	rootObject = 3BF4047819EFDEC70039C948 /* Project object */;
}
